
Microsoft Visual Studio Solution File, Format Version 12.00
# Visual Studio Version 16
VisualStudioVersion = 16.0.30621.155
MinimumVisualStudioVersion = 10.0.40219.1
Project("{9092AA53-FB77-4645-B42D-1CCCA6BD08BD}") = "PedotaAPI", "PedotaAPI.njsproj", "{A3FEFC5C-4617-4A54-9EFE-25594D479F0F}"
EndProject
Global
	GlobalSection(SolutionConfigurationPlatforms) = preSolution
		Debug|Any CPU = Debug|Any CPU
		Release|Any CPU = Release|Any CPU
	EndGlobalSection
	GlobalSection(ProjectConfigurationPlatforms) = postSolution
		{A3FEFC5C-4617-4A54-9EFE-25594D479F0F}.Debug|Any CPU.ActiveCfg = Debug|Any CPU
		{A3FEFC5C-4617-4A54-9EFE-25594D479F0F}.Debug|Any CPU.Build.0 = Debug|Any CPU
		{A3FEFC5C-4617-4A54-9EFE-25594D479F0F}.Release|Any CPU.ActiveCfg = Release|Any CPU
		{A3FEFC5C-4617-4A54-9EFE-25594D479F0F}.Release|Any CPU.Build.0 = Release|Any CPU
	EndGlobalSection
	GlobalSection(SolutionProperties) = preSolution
		HideSolutionNode = FALSE
	EndGlobalSection
	GlobalSection(ExtensibilityGlobals) = postSolution
		SolutionGuid = {2F2A79C7-7069-4E50-AB2F-34C5B8B9A906}
	EndGlobalSection
EndGlobal
